
Microsoft Visual Studio Solution File, Format Version 12.00
# Visual Studio Version 16
VisualStudioVersion = 16.0.29920.165
MinimumVisualStudioVersion = 10.0.40219.1
Project("{FAE04EC0-301F-11D3-BF4B-00C04F79EFBC}") = "Utility", "Utility\Utility.csproj", "{B6484192-2FD7-4769-923C-6077B69E9D5A}"
EndProject
Project("{FAE04EC0-301F-11D3-BF4B-00C04F79EFBC}") = "UtilityTests", "UtilityTests\UtilityTests.csproj", "{673D26CE-2107-4849-8BD8-87CE4BCD547C}"
EndProject
Global
	GlobalSection(SolutionConfigurationPlatforms) = preSolution
		Debug|Any CPU = Debug|Any CPU
		Release|Any CPU = Release|Any CPU
	EndGlobalSection
	GlobalSection(ProjectConfigurationPlatforms) = postSolution
		{B6484192-2FD7-4769-923C-6077B69E9D5A}.Debug|Any CPU.ActiveCfg = Debug|Any CPU
		{B6484192-2FD7-4769-923C-6077B69E9D5A}.Debug|Any CPU.Build.0 = Debug|Any CPU
		{B6484192-2FD7-4769-923C-6077B69E9D5A}.Release|Any CPU.ActiveCfg = Release|Any CPU
		{B6484192-2FD7-4769-923C-6077B69E9D5A}.Release|Any CPU.Build.0 = Release|Any CPU
		{673D26CE-2107-4849-8BD8-87CE4BCD547C}.Debug|Any CPU.ActiveCfg = Debug|Any CPU
		{673D26CE-2107-4849-8BD8-87CE4BCD547C}.Debug|Any CPU.Build.0 = Debug|Any CPU
		{673D26CE-2107-4849-8BD8-87CE4BCD547C}.Release|Any CPU.ActiveCfg = Release|Any CPU
		{673D26CE-2107-4849-8BD8-87CE4BCD547C}.Release|Any CPU.Build.0 = Release|Any CPU
	EndGlobalSection
	GlobalSection(SolutionProperties) = preSolution
		HideSolutionNode = FALSE
	EndGlobalSection
	GlobalSection(ExtensibilityGlobals) = postSolution
		SolutionGuid = {DBC2CDAC-AF56-4CFA-A42E-5F1614EFA080}
	EndGlobalSection
EndGlobal
